<?xml version="1.0" encoding="utf-8"?>
<Project ToolsVersion="4.0" xmlns="http://schemas.microsoft.com/developer/msbuild/2003">
  <ItemGroup>
    <Filter Include="Исходные файлы">
      <UniqueIdentifier>{4FC737F1-C7A5-4376-A066-2A32D752A2FF}</UniqueIdentifier>
      <Extensions>cpp;c;cc;cxx;c++;cppm;ixx;def;odl;idl;hpj;bat;asm;asmx</Extensions>
    </Filter>
    <Filter Include="Файлы заголовков">
      <UniqueIdentifier>{93995380-89BD-4b04-88EB-625FBE52EBFB}</UniqueIdentifier>
      <Extensions>h;hh;hpp;hxx;h++;hm;inl;inc;ipp;xsd</Extensions>
    </Filter>
    <Filter Include="Файлы ресурсов">
      <UniqueIdentifier>{67DA6AB6-F800-4c08-8B7A-83BB121AAD01}</UniqueIdentifier>
      <Extensions>rc;ico;cur;bmp;dlg;rc2;rct;bin;rgs;gif;jpg;jpeg;jpe;resx;tiff;tif;png;wav;mfcribbon-ms</Extensions>
    </Filter>
    <Filter Include="Файлы ресурсов\Shaders">
      <UniqueIdentifier>{b4279560-7c19-4948-8367-d9e0060ea3b9}</UniqueIdentifier>
    </Filter>
    <Filter Include="Файлы заголовков\Interfaces">
      <UniqueIdentifier>{d1c2bc2a-bbb7-44f6-b813-6b0c4b9a88b0}</UniqueIdentifier>
    </Filter>
    <Filter Include="Файлы заголовков\Systems">
      <UniqueIdentifier>{a1f26dd9-7c07-489e-a829-32cd14c175cd}</UniqueIdentifier>
    </Filter>
    <Filter Include="Исходные файлы\Systems">
      <UniqueIdentifier>{5d3fa92d-a800-49bb-bf6a-26bb6cc7dfe5}</UniqueIdentifier>
    </Filter>
  </ItemGroup>
  <ItemGroup>
    <ClCompile Include="Source.cpp">
      <Filter>Исходные файлы</Filter>
    </ClCompile>
    <ClCompile Include="Shader.cpp">
      <Filter>Исходные файлы</Filter>
    </ClCompile>
    <ClCompile Include="Texture2D.cpp">
      <Filter>Исходные файлы</Filter>
    </ClCompile>
    <ClCompile Include="Sprite.cpp">
      <Filter>Исходные файлы</Filter>
    </ClCompile>
    <ClCompile Include="InputManager.cpp">
      <Filter>Исходные файлы</Filter>
    </ClCompile>
    <ClCompile Include="SpriteSystem.cpp">
      <Filter>Исходные файлы\Systems</Filter>
    </ClCompile>
    <ClCompile Include="ShaderSystem.cpp">
      <Filter>Исходные файлы\Systems</Filter>
    </ClCompile>
    <ClCompile Include="RenderSystem.cpp">
      <Filter>Исходные файлы\Systems</Filter>
    </ClCompile>
  </ItemGroup>
  <ItemGroup>
    <ClInclude Include="Shader.h">
      <Filter>Файлы заголовков</Filter>
    </ClInclude>
    <ClInclude Include="Texture2D.h">
      <Filter>Файлы заголовков</Filter>
    </ClInclude>
    <ClInclude Include="Sprite.h">
      <Filter>Файлы заголовков</Filter>
    </ClInclude>
    <ClInclude Include="InputManager.h">
      <Filter>Файлы заголовков</Filter>
    </ClInclude>
    <ClInclude Include="Components.h">
      <Filter>Файлы заголовков</Filter>
    </ClInclude>
    <ClInclude Include="ISystem.h">
      <Filter>Файлы заголовков\Interfaces</Filter>
    </ClInclude>
    <ClInclude Include="SpriteSystem.h">
      <Filter>Файлы заголовков\Systems</Filter>
    </ClInclude>
    <ClInclude Include="ShaderSystem.h">
      <Filter>Файлы заголовков\Systems</Filter>
    </ClInclude>
    <ClInclude Include="Types.h">
      <Filter>Файлы заголовков</Filter>
    </ClInclude>
    <ClInclude Include="RenderSystem.h">
      <Filter>Файлы заголовков\Systems</Filter>
    </ClInclude>
  </ItemGroup>
  <ItemGroup>
    <None Include="..\x64\Debug\Resources\Shaders\Triangle_Fragment.glsl">
      <Filter>Файлы ресурсов\Shaders</Filter>
    </None>
    <None Include="..\x64\Debug\Resources\Shaders\Triangle_Vertex.glsl">
      <Filter>Файлы ресурсов\Shaders</Filter>
    </None>
  </ItemGroup>
</Project>